
Microsoft Visual Studio Solution File, Format Version 12.00
# Visual Studio Version 17
VisualStudioVersion = 17.3.32929.385
MinimumVisualStudioVersion = 10.0.40219.1
Project("{FAE04EC0-301F-11D3-BF4B-00C04F79EFBC}") = "SnakeLadder", "SnakeLadder.csproj", "{8EC41645-1B8B-4F21-B7C2-61AE1559D543}"
EndProject
Global
	GlobalSection(SolutionConfigurationPlatforms) = preSolution
		Debug|Any CPU = Debug|Any CPU
		Release|Any CPU = Release|Any CPU
	EndGlobalSection
	GlobalSection(ProjectConfigurationPlatforms) = postSolution
		{8EC41645-1B8B-4F21-B7C2-61AE1559D543}.Debug|Any CPU.ActiveCfg = Debug|Any CPU
		{8EC41645-1B8B-4F21-B7C2-61AE1559D543}.Debug|Any CPU.Build.0 = Debug|Any CPU
		{8EC41645-1B8B-4F21-B7C2-61AE1559D543}.Release|Any CPU.ActiveCfg = Release|Any CPU
		{8EC41645-1B8B-4F21-B7C2-61AE1559D543}.Release|Any CPU.Build.0 = Release|Any CPU
	EndGlobalSection
	GlobalSection(SolutionProperties) = preSolution
		HideSolutionNode = FALSE
	EndGlobalSection
	GlobalSection(ExtensibilityGlobals) = postSolution
		SolutionGuid = {61B805C1-7D9D-4BCB-9623-19FB1E356ED7}
	EndGlobalSection
EndGlobal
